
Microsoft Visual Studio Solution File, Format Version 12.00
# Visual Studio Version 17
VisualStudioVersion = 17.11.35327.3
MinimumVisualStudioVersion = 10.0.40219.1
Project("{FAE04EC0-301F-11D3-BF4B-00C04F79EFBC}") = "Du_An_Cuoi_Ki_WebNC_Fontend", "Du_An_Cuoi_Ki_WebNC_Fontend\Du_An_Cuoi_Ki_WebNC_Fontend.csproj", "{792F56BB-3476-4CC2-8C6A-BEBF2D917DC1}"
EndProject
Global
	GlobalSection(SolutionConfigurationPlatforms) = preSolution
		Debug|Any CPU = Debug|Any CPU
		Release|Any CPU = Release|Any CPU
	EndGlobalSection
	GlobalSection(ProjectConfigurationPlatforms) = postSolution
		{792F56BB-3476-4CC2-8C6A-BEBF2D917DC1}.Debug|Any CPU.ActiveCfg = Debug|Any CPU
		{792F56BB-3476-4CC2-8C6A-BEBF2D917DC1}.Debug|Any CPU.Build.0 = Debug|Any CPU
		{792F56BB-3476-4CC2-8C6A-BEBF2D917DC1}.Release|Any CPU.ActiveCfg = Release|Any CPU
		{792F56BB-3476-4CC2-8C6A-BEBF2D917DC1}.Release|Any CPU.Build.0 = Release|Any CPU
	EndGlobalSection
	GlobalSection(SolutionProperties) = preSolution
		HideSolutionNode = FALSE
	EndGlobalSection
	GlobalSection(ExtensibilityGlobals) = postSolution
		SolutionGuid = {BC2877BD-B9E2-4A91-9F30-50B68C66B640}
	EndGlobalSection
EndGlobal
